
Microsoft Visual Studio Solution File, Format Version 12.00
# Visual Studio Version 17
VisualStudioVersion = 17.8.34316.72
MinimumVisualStudioVersion = 10.0.40219.1
Project("{FAE04EC0-301F-11D3-BF4B-00C04F79EFBC}") = "AdventOfCode", "AdventOfCode.csproj", "{6FC56C1B-C9E3-48E8-AA71-0D5A6D02F831}"
EndProject
Global
	GlobalSection(SolutionConfigurationPlatforms) = preSolution
		Debug|Any CPU = Debug|Any CPU
		Release|Any CPU = Release|Any CPU
	EndGlobalSection
	GlobalSection(ProjectConfigurationPlatforms) = postSolution
		{6FC56C1B-C9E3-48E8-AA71-0D5A6D02F831}.Debug|Any CPU.ActiveCfg = Debug|Any CPU
		{6FC56C1B-C9E3-48E8-AA71-0D5A6D02F831}.Debug|Any CPU.Build.0 = Debug|Any CPU
		{6FC56C1B-C9E3-48E8-AA71-0D5A6D02F831}.Release|Any CPU.ActiveCfg = Release|Any CPU
		{6FC56C1B-C9E3-48E8-AA71-0D5A6D02F831}.Release|Any CPU.Build.0 = Release|Any CPU
	EndGlobalSection
	GlobalSection(SolutionProperties) = preSolution
		HideSolutionNode = FALSE
	EndGlobalSection
	GlobalSection(ExtensibilityGlobals) = postSolution
		SolutionGuid = {7CE3828C-E649-4BDB-9684-82C5996FD857}
	EndGlobalSection
EndGlobal
